FORGE
  remote: https://forgeapi.puppetlabs.com
  specs:
    maestrodev-wget (1.5.6)
    puppetlabs-apt (1.7.0)
      puppetlabs-stdlib (>= 2.2.1)
    puppetlabs-concat (1.1.2)
      puppetlabs-stdlib (< 5.0.0, >= 3.2.0)
    puppetlabs-gcc (0.2.0)
    puppetlabs-mongodb (0.8.0)
      puppetlabs-apt (>= 1.0.0)
      puppetlabs-stdlib (>= 2.2.0)
    puppetlabs-stdlib (4.4.0)
    thomasvandoren-redis (0.10.0)
      maestrodev-wget (>= 1.1.0)
      puppetlabs-gcc (>= 0.0.3)

DEPENDENCIES
  puppetlabs-apt (>= 0)
  puppetlabs-concat (>= 0)
  puppetlabs-mongodb (= 0.8.0)
  puppetlabs-stdlib (>= 0)
  thomasvandoren-redis (>= 0)

